{
  "requires": true,
  "lockfileVersion": 1,
  "dependencies": {
    "react-native-paypal": {
      "version": "2.2.0",
      "resolved": "https://registry.npmjs.org/react-native-paypal/-/react-native-paypal-2.2.0.tgz",
      "integrity": "sha512-PM2oQl3e77Bmre9tWE3L2KVCVhC3AReU0MD1q8Xh/GEpZBRnM4Xjf0ZfDsiSfUYvRCTiUhydLVht5kxHcqm2Pw=="
    }
  }
}
